{
  "name": "@hashtagchris/test-package-registry-workflows",
  "version": "1.0.0",
  "lockfileVersion": 1,
  "requires": true,
  "dependencies": {
    "@codertocat/hello-world-npm": {
      "version": "1.0.2",
      "resolved": "https://npm.pkg.github.com/download/@codertocat/hello-world-npm/1.0.2/bc490ac91999416d29e0d199dacdad3d0d3f576446633533ed2adb775a11a374",
      "integrity": "sha512-4JdvUA6jWh0rWr69Yhi9BYY9q/NPgtwLhi9pm2pcBoCLLBF8mU+gNMr78bKPrduAztit9c2mTZy03gUnbdGo9w=="
    }
  }
}
